
Microsoft Visual Studio Solution File, Format Version 12.00
# Visual Studio Version 16
VisualStudioVersion = 16.0.31402.337
MinimumVisualStudioVersion = 10.0.40219.1
Project("{F184B08F-C81C-45F6-A57F-5ABD9991F28F}") = "boletin3", "boletin3\boletin3.vbproj", "{C00C58ED-7E1A-4A9F-AE0E-1463DAF99B43}"
EndProject
Global
	GlobalSection(SolutionConfigurationPlatforms) = preSolution
		Debug|Any CPU = Debug|Any CPU
		Release|Any CPU = Release|Any CPU
	EndGlobalSection
	GlobalSection(ProjectConfigurationPlatforms) = postSolution
		{C00C58ED-7E1A-4A9F-AE0E-1463DAF99B43}.Debug|Any CPU.ActiveCfg = Debug|Any CPU
		{C00C58ED-7E1A-4A9F-AE0E-1463DAF99B43}.Debug|Any CPU.Build.0 = Debug|Any CPU
		{C00C58ED-7E1A-4A9F-AE0E-1463DAF99B43}.Release|Any CPU.ActiveCfg = Release|Any CPU
		{C00C58ED-7E1A-4A9F-AE0E-1463DAF99B43}.Release|Any CPU.Build.0 = Release|Any CPU
	EndGlobalSection
	GlobalSection(SolutionProperties) = preSolution
		HideSolutionNode = FALSE
	EndGlobalSection
	GlobalSection(ExtensibilityGlobals) = postSolution
		SolutionGuid = {72CE1B50-4CB0-4966-ABD2-5A4C0E7B6249}
	EndGlobalSection
EndGlobal
